
Microsoft Visual Studio Solution File, Format Version 12.00
# Visual Studio 14
VisualStudioVersion = 14.0.25420.1
MinimumVisualStudioVersion = 10.0.40219.1
Project("{2150E333-8FDC-42A3-9474-1A3956D46DE8}") = "Exercise1", "Exercise1", "{D8630767-7871-4D44-A059-28A91ADF077E}"
EndProject
Project("{FAE04EC0-301F-11D3-BF4B-00C04F79EFBC}") = "ValidatorEngine.Test", "ValidatorEngine.Test\ValidatorEngine.Test.csproj", "{04B7E513-95F6-4908-88E4-8FBB864231C0}"
EndProject
Project("{FAE04EC0-301F-11D3-BF4B-00C04F79EFBC}") = "ValidatorEngine", "ValidatorEngine\ValidatorEngine.csproj", "{74FB91A8-5432-433E-B70C-638584FC7A6A}"
EndProject
Project("{2150E333-8FDC-42A3-9474-1A3956D46DE8}") = "Not Mandatory", "Not Mandatory", "{35A0C056-0506-4CD0-B327-E083D6B3F9F4}"
EndProject
Project("{2150E333-8FDC-42A3-9474-1A3956D46DE8}") = "CoinChanger", "CoinChanger", "{563F2C3B-6F61-41B6-B12F-6A76917DF320}"
EndProject
Project("{FAE04EC0-301F-11D3-BF4B-00C04F79EFBC}") = "CoinChangerApplication", "CoinChangerApplication\CoinChangerApplication.csproj", "{162AEEB5-65A9-43A4-9A47-F7B41C0662B2}"
EndProject
Project("{FAE04EC0-301F-11D3-BF4B-00C04F79EFBC}") = "CoinChangerApplication.Test", "CoinChangerApplication.Test\CoinChangerApplication.Test.csproj", "{F3CD97F1-95A6-4843-9865-50AF97E3A652}"
EndProject
Global
	GlobalSection(SolutionConfigurationPlatforms) = preSolution
		Debug|Any CPU = Debug|Any CPU
		Release|Any CPU = Release|Any CPU
	EndGlobalSection
	GlobalSection(ProjectConfigurationPlatforms) = postSolution
		{04B7E513-95F6-4908-88E4-8FBB864231C0}.Debug|Any CPU.ActiveCfg = Debug|Any CPU
		{04B7E513-95F6-4908-88E4-8FBB864231C0}.Debug|Any CPU.Build.0 = Debug|Any CPU
		{04B7E513-95F6-4908-88E4-8FBB864231C0}.Release|Any CPU.ActiveCfg = Release|Any CPU
		{04B7E513-95F6-4908-88E4-8FBB864231C0}.Release|Any CPU.Build.0 = Release|Any CPU
		{74FB91A8-5432-433E-B70C-638584FC7A6A}.Debug|Any CPU.ActiveCfg = Debug|Any CPU
		{74FB91A8-5432-433E-B70C-638584FC7A6A}.Debug|Any CPU.Build.0 = Debug|Any CPU
		{74FB91A8-5432-433E-B70C-638584FC7A6A}.Release|Any CPU.ActiveCfg = Release|Any CPU
		{74FB91A8-5432-433E-B70C-638584FC7A6A}.Release|Any CPU.Build.0 = Release|Any CPU
		{162AEEB5-65A9-43A4-9A47-F7B41C0662B2}.Debug|Any CPU.ActiveCfg = Debug|Any CPU
		{162AEEB5-65A9-43A4-9A47-F7B41C0662B2}.Debug|Any CPU.Build.0 = Debug|Any CPU
		{162AEEB5-65A9-43A4-9A47-F7B41C0662B2}.Release|Any CPU.ActiveCfg = Release|Any CPU
		{162AEEB5-65A9-43A4-9A47-F7B41C0662B2}.Release|Any CPU.Build.0 = Release|Any CPU
		{F3CD97F1-95A6-4843-9865-50AF97E3A652}.Debug|Any CPU.ActiveCfg = Debug|Any CPU
		{F3CD97F1-95A6-4843-9865-50AF97E3A652}.Debug|Any CPU.Build.0 = Debug|Any CPU
		{F3CD97F1-95A6-4843-9865-50AF97E3A652}.Release|Any CPU.ActiveCfg = Release|Any CPU
		{F3CD97F1-95A6-4843-9865-50AF97E3A652}.Release|Any CPU.Build.0 = Release|Any CPU
	EndGlobalSection
	GlobalSection(SolutionProperties) = preSolution
		HideSolutionNode = FALSE
	EndGlobalSection
	GlobalSection(NestedProjects) = preSolution
		{04B7E513-95F6-4908-88E4-8FBB864231C0} = {D8630767-7871-4D44-A059-28A91ADF077E}
		{74FB91A8-5432-433E-B70C-638584FC7A6A} = {D8630767-7871-4D44-A059-28A91ADF077E}
		{563F2C3B-6F61-41B6-B12F-6A76917DF320} = {35A0C056-0506-4CD0-B327-E083D6B3F9F4}
		{162AEEB5-65A9-43A4-9A47-F7B41C0662B2} = {563F2C3B-6F61-41B6-B12F-6A76917DF320}
		{F3CD97F1-95A6-4843-9865-50AF97E3A652} = {563F2C3B-6F61-41B6-B12F-6A76917DF320}
	EndGlobalSection
EndGlobal
